// !$*UTF8*$!
{
	archiveVersion = 1;
	classes = {
	};
	objectVersion = 50;
	objects = {

/* Begin PBXBuildFile section */
		FB711E3922B23F4C00BA628E /* AppDelegate.swift in Sources */ = {isa = PBXBuildFile; fileRef = FB711E3822B23F4C00BA628E /* AppDelegate.swift */; };
		FB711E3B22B23F4C00BA628E /* ViewController.swift in Sources */ = {isa = PBXBuildFile; fileRef = FB711E3A22B23F4C00BA628E /* ViewController.swift */; };
		FB711E3E22B23F4C00BA628E /* Main.storyboard in Resources */ = {isa = PBXBuildFile; fileRef = FB711E3C22B23F4C00BA628E /* Main.storyboard */; };
		FB711E4022B23F4D00BA628E /* Assets.xcassets in Resources */ = {isa = PBXBuildFile; fileRef = FB711E3F22B23F4D00BA628E /* Assets.xcassets */; };
		FB711E4322B23F4D00BA628E /* LaunchScreen.storyboard in Resources */ = {isa = PBXBuildFile; fileRef = FB711E4122B23F4D00BA628E /* LaunchScreen.storyboard */; };
		FB711E4B22B245A900BA628E /* RegViewController.swift in Sources */ = {isa = PBXBuildFile; fileRef = FB711E4A22B245A900BA628E /* RegViewController.swift */; };
/* End PBXBuildFile section */

/* Begin PBXFileReference section */
		FB711E3522B23F4C00BA628E /* co-working Project.app */ = {isa = PBXFileReference; explicitFileType = wrapper.application; includeInIndex = 0; path = "co-working Project.app"; sourceTree = BUILT_PRODUCTS_DIR; };
		FB711E3822B23F4C00BA628E /* AppDelegate.swift */ = {isa = PBXFileReference; lastKnownFileType = sourcecode.swift; path = AppDelegate.swift; sourceTree = "<group>"; };
		FB711E3A22B23F4C00BA628E /* ViewController.swift */ = {isa = PBXFileReference; lastKnownFileType = sourcecode.swift; path = ViewController.swift; sourceTree = "<group>"; };
		FB711E3D22B23F4C00BA628E /* Base */ = {isa = PBXFileReference; lastKnownFileType = file.storyboard; name = Base; path = Base.lproj/Main.storyboard; sourceTree = "<group>"; };
		FB711E3F22B23F4D00BA628E /* Assets.xcassets */ = {isa = PBXFileReference; lastKnownFileType = folder.assetcatalog; path = Assets.xcassets; sourceTree = "<group>"; };
		FB711E4222B23F4D00BA628E /* Base */ = {isa = PBXFileReference; lastKnownFileType = file.storyboard; name = Base; path = Base.lproj/LaunchScreen.storyboard; sourceTree = "<group>"; };
		FB711E4422B23F4D00BA628E /* Info.plist */ = {isa = PBXFileReference; lastKnownFileType = text.plist.xml; path = Info.plist; sourceTree = "<group>"; };
		FB711E4A22B245A900BA628E /* RegViewController.swift */ = {isa = PBXFileReference; lastKnownFileType = sourcecode.swift; path = RegViewController.swift; sourceTree = "<group>"; };
/* End PBXFileReference section */

/* Begin PBXFrameworksBuildPhase section */
		FB711E3222B23F4C00BA628E /* Frameworks */ = {
			isa = PBXFrameworksBuildPhase;
			buildActionMask = 2147483647;
			files = (
			);
			runOnlyForDeploymentPostprocessing = 0;
		};
/* End PBXFrameworksBuildPhase section */

/* Begin PBXGroup section */
		FB711E2C22B23F4C00BA628E = {
			isa = PBXGroup;
			children = (
				FB711E3722B23F4C00BA628E /* co-working Project */,
				FB711E3622B23F4C00BA628E /* Products */,
			);
			sourceTree = "<group>";
		};
		FB711E3622B23F4C00BA628E /* Products */ = {
			isa = PBXGroup;
			children = (
				FB711E3522B23F4C00BA628E /* co-working Project.app */,
			);
			name = Products;
			sourceTree = "<group>";
		};
		FB711E3722B23F4C00BA628E /* co-working Project */ = {
			isa = PBXGroup;
			children = (
				FB711E3822B23F4C00BA628E /* AppDelegate.swift */,
				FB711E3A22B23F4C00BA628E /* ViewController.swift */,
				FB711E4A22B245A900BA628E /* RegViewController.swift */,
				FB711E3C22B23F4C00BA628E /* Main.storyboard */,
				FB711E3F22B23F4D00BA628E /* Assets.xcassets */,
				FB711E4122B23F4D00BA628E /* LaunchScreen.storyboard */,
				FB711E4422B23F4D00BA628E /* Info.plist */,
			);
			path = "co-working Project";
			sourceTree = "<group>";
		};
/* End PBXGroup section */

/* Begin PBXNativeTarget section */
		FB711E3422B23F4C00BA628E /* co-working Project */ = {
			isa = PBXNativeTarget;
			buildConfigurationList = FB711E4722B23F4D00BA628E /* Build configuration list for PBXNativeTarget "co-working Project" */;
			buildPhases = (
				FB711E3122B23F4C00BA628E /* Sources */,
				FB711E3222B23F4C00BA628E /* Frameworks */,
				FB711E3322B23F4C00BA628E /* Resources */,
			);
			buildRules = (
			);
			dependencies = (
			);
			name = "co-working Project";
			productName = "co-working Project";
			productReference = FB711E3522B23F4C00BA628E /* co-working Project.app */;
			productType = "com.apple.product-type.application";
		};
/* End PBXNativeTarget section */

/* Begin PBXProject section */
		FB711E2D22B23F4C00BA628E /* Project object */ = {
			isa = PBXProject;
			attributes = {
				LastSwiftUpdateCheck = 1020;
				LastUpgradeCheck = 1020;
				ORGANIZATIONNAME = "iOS-Developer";
				TargetAttributes = {
					FB711E3422B23F4C00BA628E = {
						CreatedOnToolsVersion = 10.2.1;
					};
				};
			};
			buildConfigurationList = FB711E3022B23F4C00BA628E /* Build configuration list for PBXProject "co-working Project" */;
			compatibilityVersion = "Xcode 9.3";
			developmentRegion = en;
			hasScannedForEncodings = 0;
			knownRegions = (
				en,
				Base,
			);
			mainGroup = FB711E2C22B23F4C00BA628E;
			productRefGroup = FB711E3622B23F4C00BA628E /* Products */;
			projectDirPath = "";
			projectRoot = "";
			targets = (
				FB711E3422B23F4C00BA628E /* co-working Project */,
			);
		};
/* End PBXProject section */

/* Begin PBXResourcesBuildPhase section */
		FB711E3322B23F4C00BA628E /* Resources */ = {
			isa = PBXResourcesBuildPhase;
			buildActionMask = 2147483647;
			files = (
				FB711E4322B23F4D00BA628E /* LaunchScreen.storyboard in Resources */,
				FB711E4022B23F4D00BA628E /* Assets.xcassets in Resources */,
				FB711E3E22B23F4C00BA628E /* Main.storyboard in Resources */,
			);
			runOnlyForDeploymentPostprocessing = 0;
		};
/* End PBXResourcesBuildPhase section */

/* Begin PBXSourcesBuildPhase section */
		FB711E3122B23F4C00BA628E /* Sources */ = {
			isa = PBXSourcesBuildPhase;
			buildActionMask = 2147483647;
			files = (
				FB711E3B22B23F4C00BA628E /* ViewController.swift in Sources */,
				FB711E4B22B245A900BA628E /* RegViewController.swift in Sources */,
				FB711E3922B23F4C00BA628E /* AppDelegate.swift in Sources */,
			);
			runOnlyForDeploymentPostprocessing = 0;
		};
/* End PBXSourcesBuildPhase section */

/* Begin PBXVariantGroup section */
		FB711E3C22B23F4C00BA628E /* Main.storyboard */ = {
			isa = PBXVariantGroup;
			children = (
				FB711E3D22B23F4C00BA628E /* Base */,
			);
			name = Main.storyboard;
			sourceTree = "<group>";
		};
		FB711E4122B23F4D00BA628E /* LaunchScreen.storyboard */ = {
			isa = PBXVariantGroup;
			children = (
				FB711E4222B23F4D00BA628E /* Base */,
			);
			name = LaunchScreen.storyboard;
			sourceTree = "<group>";
		};
/* End PBXVariantGroup section */

/* Begin XCBuildConfiguration section */
		FB711E4522B23F4D00BA628E /* Debug */ = {
			isa = XCBuildConfiguration;
			buildSettings = {
				ALWAYS_SEARCH_USER_PATHS = NO;
				CLANG_ANALYZER_NONNULL = YES;
				CLANG_ANALYZER_NUMBER_OBJECT_CONVERSION = YES_AGGRESSIVE;
				CLANG_CXX_LANGUAGE_STANDARD = "gnu++14";
				CLANG_CXX_LIBRARY = "libc++";
				CLANG_ENABLE_MODULES = YES;
				CLANG_ENABLE_OBJC_ARC = YES;
				CLANG_ENABLE_OBJC_WEAK = YES;
				CLANG_WARN_BLOCK_CAPTURE_AUTORELEASING = YES;
				CLANG_WARN_BOOL_CONVERSION = YES;
				CLANG_WARN_COMMA = YES;
				CLANG_WARN_CONSTANT_CONVERSION = YES;
				CLANG_WARN_DEPRECATED_OBJC_IMPLEMENTATIONS = YES;
				CLANG_WARN_DIRECT_OBJC_ISA_USAGE = YES_ERROR;
				CLANG_WARN_DOCUMENTATION_COMMENTS = YES;
				CLANG_WARN_EMPTY_BODY = YES;
				CLANG_WARN_ENUM_CONVERSION = YES;
				CLANG_WARN_INFINITE_RECURSION = YES;
				CLANG_WARN_INT_CONVERSION = YES;
				CLANG_WARN_NON_LITERAL_NULL_CONVERSION = YES;
				CLANG_WARN_OBJC_IMPLICIT_RETAIN_SELF = YES;
				CLANG_WARN_OBJC_LITERAL_CONVERSION = YES;
				CLANG_WARN_OBJC_ROOT_CLASS = YES_ERROR;
				CLANG_WARN_RANGE_LOOP_ANALYSIS = YES;
				CLANG_WARN_STRICT_PROTOTYPES = YES;
				CLANG_WARN_SUSPICIOUS_MOVE = YES;
				CLANG_WARN_UNGUARDED_AVAILABILITY = YES_AGGRESSIVE;
				CLANG_WARN_UNREACHABLE_CODE = YES;
				CLANG_WARN__DUPLICATE_METHOD_MATCH = YES;
				CODE_SIGN_IDENTITY = "iPhone Developer";
				COPY_PHASE_STRIP = NO;
				DEBUG_INFORMATION_FORMAT = dwarf;
				ENABLE_STRICT_OBJC_MSGSEND = YES;
				ENABLE_TESTABILITY = YES;
				GCC_C_LANGUAGE_STANDARD = gnu11;
				GCC_DYNAMIC_NO_PIC = NO;
				GCC_NO_COMMON_BLOCKS = YES;
				GCC_OPTIMIZATION_LEVEL = 0;
				GCC_PREPROCESSOR_DEFINITIONS = (
					"DEBUG=1",
					"$(inherited)",
				);
				GCC_WARN_64_TO_32_BIT_CONVERSION = YES;
				GCC_WARN_ABOUT_RETURN_TYPE = YES_ERROR;
				GCC_WARN_UNDECLARED_SELECTOR = YES;
				GCC_WARN_UNINITIALIZED_AUTOS = YES_AGGRESSIVE;
				GCC_WARN_UNUSED_FUNCTION = YES;
				GCC_WARN_UNUSED_VARIABLE = YES;
				IPHONEOS_DEPLOYMENT_TARGET = 12.2;
				MTL_ENABLE_DEBUG_INFO = INCLUDE_SOURCE;
				MTL_FAST_MATH = YES;
				ONLY_ACTIVE_ARCH = YES;
				SDKROOT = iphoneos;
				SWIFT_ACTIVE_COMPILATION_CONDITIONS = DEBUG;
				SWIFT_OPTIMIZATION_LEVEL = "-Onone";
			};
			name = Debug;
		};
		FB711E4622B23F4D00BA628E /* Release */ = {
			isa = XCBuildConfiguration;
			buildSettings = {
				ALWAYS_SEARCH_USER_PATHS = NO;
				CLANG_ANALYZER_NONNULL = YES;
				CLANG_ANALYZER_NUMBER_OBJECT_CONVERSION = YES_AGGRESSIVE;
				CLANG_CXX_LANGUAGE_STANDARD = "gnu++14";
				CLANG_CXX_LIBRARY = "libc++";
				CLANG_ENABLE_MODULES = YES;
				CLANG_ENABLE_OBJC_ARC = YES;
				CLANG_ENABLE_OBJC_WEAK = YES;
				CLANG_WARN_BLOCK_CAPTURE_AUTORELEASING = YES;
				CLANG_WARN_BOOL_CONVERSION = YES;
				CLANG_WARN_COMMA = YES;
				CLANG_WARN_CONSTANT_CONVERSION = YES;
				CLANG_WARN_DEPRECATED_OBJC_IMPLEMENTATIONS = YES;
				CLANG_WARN_DIRECT_OBJC_ISA_USAGE = YES_ERROR;
				CLANG_WARN_DOCUMENTATION_COMMENTS = YES;
				CLANG_WARN_EMPTY_BODY = YES;
				CLANG_WARN_ENUM_CONVERSION = YES;
				CLANG_WARN_INFINITE_RECURSION = YES;
				CLANG_WARN_INT_CONVERSION = YES;
				CLANG_WARN_NON_LITERAL_NULL_CONVERSION = YES;
				CLANG_WARN_OBJC_IMPLICIT_RETAIN_SELF = YES;
				CLANG_WARN_OBJC_LITERAL_CONVERSION = YES;
				CLANG_WARN_OBJC_ROOT_CLASS = YES_ERROR;
				CLANG_WARN_RANGE_LOOP_ANALYSIS = YES;
				CLANG_WARN_STRICT_PROTOTYPES = YES;
				CLANG_WARN_SUSPICIOUS_MOVE = YES;
				CLANG_WARN_UNGUARDED_AVAILABILITY = YES_AGGRESSIVE;
				CLANG_WARN_UNREACHABLE_CODE = YES;
				CLANG_WARN__DUPLICATE_METHOD_MATCH = YES;
				CODE_SIGN_IDENTITY = "iPhone Developer";
				COPY_PHASE_STRIP = NO;
				DEBUG_INFORMATION_FORMAT = "dwarf-with-dsym";
				ENABLE_NS_ASSERTIONS = NO;
				ENABLE_STRICT_OBJC_MSGSEND = YES;
				GCC_C_LANGUAGE_STANDARD = gnu11;
				GCC_NO_COMMON_BLOCKS = YES;
				GCC_WARN_64_TO_32_BIT_CONVERSION = YES;
				GCC_WARN_ABOUT_RETURN_TYPE = YES_ERROR;
				GCC_WARN_UNDECLARED_SELECTOR = YES;
				GCC_WARN_UNINITIALIZED_AUTOS = YES_AGGRESSIVE;
				GCC_WARN_UNUSED_FUNCTION = YES;
				GCC_WARN_UNUSED_VARIABLE = YES;
				IPHONEOS_DEPLOYMENT_TARGET = 12.2;
				MTL_ENABLE_DEBUG_INFO = NO;
				MTL_FAST_MATH = YES;
				SDKROOT = iphoneos;
				SWIFT_COMPILATION_MODE = wholemodule;
				SWIFT_OPTIMIZATION_LEVEL = "-O";
				VALIDATE_PRODUCT = YES;
			};
			name = Release;
		};
		FB711E4822B23F4D00BA628E /* Debug */ = {
			isa = XCBuildConfiguration;
			buildSettings = {
				ASSETCATALOG_COMPILER_APPICON_NAME = AppIcon;
				CODE_SIGN_STYLE = Automatic;
				DEVELOPMENT_TEAM = QB4Y5X9KKB;
				INFOPLIST_FILE = "co-working Project/Info.plist";
				IPHONEOS_DEPLOYMENT_TARGET = 12.2;
				LD_RUNPATH_SEARCH_PATHS = (
					"$(inherited)",
					"@executable_path/Frameworks",
				);
				PRODUCT_BUNDLE_IDENTIFIER = "iOS-developer.co-working-Project";
				PRODUCT_NAME = "$(TARGET_NAME)";
				SWIFT_VERSION = 5.0;
				TARGETED_DEVICE_FAMILY = "1,2";
			};
			name = Debug;
		};
		FB711E4922B23F4D00BA628E /* Release */ = {
			isa = XCBuildConfiguration;
			buildSettings = {
				ASSETCATALOG_COMPILER_APPICON_NAME = AppIcon;
				CODE_SIGN_STYLE = Automatic;
				DEVELOPMENT_TEAM = QB4Y5X9KKB;
				INFOPLIST_FILE = "co-working Project/Info.plist";
				IPHONEOS_DEPLOYMENT_TARGET = 12.2;
				LD_RUNPATH_SEARCH_PATHS = (
					"$(inherited)",
					"@executable_path/Frameworks",
				);
				PRODUCT_BUNDLE_IDENTIFIER = "iOS-developer.co-working-Project";
				PRODUCT_NAME = "$(TARGET_NAME)";
				SWIFT_VERSION = 5.0;
				TARGETED_DEVICE_FAMILY = "1,2";
			};
			name = Release;
		};
/* End XCBuildConfiguration section */

/* Begin XCConfigurationList section */
		FB711E3022B23F4C00BA628E /* Build configuration list for PBXProject "co-working Project" */ = {
			isa = XCConfigurationList;
			buildConfigurations = (
				FB711E4522B23F4D00BA628E /* Debug */,
				FB711E4622B23F4D00BA628E /* Release */,
			);
			defaultConfigurationIsVisible = 0;
			defaultConfigurationName = Release;
		};
		FB711E4722B23F4D00BA628E /* Build configuration list for PBXNativeTarget "co-working Project" */ = {
			isa = XCConfigurationList;
			buildConfigurations = (
				FB711E4822B23F4D00BA628E /* Debug */,
				FB711E4922B23F4D00BA628E /* Release */,
			);
			defaultConfigurationIsVisible = 0;
			defaultConfigurationName = Release;
		};
/* End XCConfigurationList section */
	};
	rootObject = FB711E2D22B23F4C00BA628E /* Project object */;
}
